
Microsoft Visual Studio Solution File, Format Version 11.00
# Visual Studio 2010
Project("{FAE04EC0-301F-11D3-BF4B-00C04F79EFBC}") = "EmailSenderService", "EmailSenderService\EmailSenderService.csproj", "{ED935096-9B27-4674-8794-93A4F5C1A22D}"
EndProject
Project("{FAE04EC0-301F-11D3-BF4B-00C04F79EFBC}") = "EmailSenderEditor", "EmailSenderEditor\EmailSenderEditor.csproj", "{71E58A78-2749-4BCA-8F81-03D297CBA4E5}"
EndProject
Global
	GlobalSection(SolutionConfigurationPlatforms) = preSolution
		Debug|x86 = Debug|x86
		Release|x86 = Release|x86
	EndGlobalSection
	GlobalSection(ProjectConfigurationPlatforms) = postSolution
		{ED935096-9B27-4674-8794-93A4F5C1A22D}.Debug|x86.ActiveCfg = Debug|x86
		{ED935096-9B27-4674-8794-93A4F5C1A22D}.Debug|x86.Build.0 = Debug|x86
		{ED935096-9B27-4674-8794-93A4F5C1A22D}.Release|x86.ActiveCfg = Release|x86
		{ED935096-9B27-4674-8794-93A4F5C1A22D}.Release|x86.Build.0 = Release|x86
		{71E58A78-2749-4BCA-8F81-03D297CBA4E5}.Debug|x86.ActiveCfg = Debug|x86
		{71E58A78-2749-4BCA-8F81-03D297CBA4E5}.Debug|x86.Build.0 = Debug|x86
		{71E58A78-2749-4BCA-8F81-03D297CBA4E5}.Release|x86.ActiveCfg = Release|x86
		{71E58A78-2749-4BCA-8F81-03D297CBA4E5}.Release|x86.Build.0 = Release|x86
	EndGlobalSection
	GlobalSection(SolutionProperties) = preSolution
		HideSolutionNode = FALSE
	EndGlobalSection
EndGlobal
